
Microsoft Visual Studio Solution File, Format Version 12.00
# Visual Studio Version 17
VisualStudioVersion = 17.8.34511.84
MinimumVisualStudioVersion = 10.0.40219.1
Project("{FAE04EC0-301F-11D3-BF4B-00C04F79EFBC}") = "ExcelAddon-v1", "ExcelAddon-v1\ExcelAddon-v1.csproj", "{937A8A02-F646-42E8-B599-BCEC0862C27C}"
EndProject
Global
	GlobalSection(SolutionConfigurationPlatforms) = preSolution
		Debug|Any CPU = Debug|Any CPU
		Release|Any CPU = Release|Any CPU
	EndGlobalSection
	GlobalSection(ProjectConfigurationPlatforms) = postSolution
		{937A8A02-F646-42E8-B599-BCEC0862C27C}.Debug|Any CPU.ActiveCfg = Debug|Any CPU
		{937A8A02-F646-42E8-B599-BCEC0862C27C}.Debug|Any CPU.Build.0 = Debug|Any CPU
		{937A8A02-F646-42E8-B599-BCEC0862C27C}.Release|Any CPU.ActiveCfg = Release|Any CPU
		{937A8A02-F646-42E8-B599-BCEC0862C27C}.Release|Any CPU.Build.0 = Release|Any CPU
	EndGlobalSection
	GlobalSection(SolutionProperties) = preSolution
		HideSolutionNode = FALSE
	EndGlobalSection
	GlobalSection(ExtensibilityGlobals) = postSolution
		SolutionGuid = {94C20785-46FA-4A25-9C99-37C9148CAA8E}
	EndGlobalSection
EndGlobal
